
Microsoft Visual Studio Solution File, Format Version 12.00
# Visual Studio Version 17
VisualStudioVersion = 17.7.34202.233
MinimumVisualStudioVersion = 10.0.40219.1
Project("{FAE04EC0-301F-11D3-BF4B-00C04F79EFBC}") = "GitOtamesi", "GitOtamesi\GitOtamesi.csproj", "{567D611A-FAF4-4ACF-BEF5-E51F4450FE98}"
EndProject
Global
	GlobalSection(SolutionConfigurationPlatforms) = preSolution
		Debug|Any CPU = Debug|Any CPU
		Release|Any CPU = Release|Any CPU
	EndGlobalSection
	GlobalSection(ProjectConfigurationPlatforms) = postSolution
		{567D611A-FAF4-4ACF-BEF5-E51F4450FE98}.Debug|Any CPU.ActiveCfg = Debug|Any CPU
		{567D611A-FAF4-4ACF-BEF5-E51F4450FE98}.Debug|Any CPU.Build.0 = Debug|Any CPU
		{567D611A-FAF4-4ACF-BEF5-E51F4450FE98}.Release|Any CPU.ActiveCfg = Release|Any CPU
		{567D611A-FAF4-4ACF-BEF5-E51F4450FE98}.Release|Any CPU.Build.0 = Release|Any CPU
	EndGlobalSection
	GlobalSection(SolutionProperties) = preSolution
		HideSolutionNode = FALSE
	EndGlobalSection
	GlobalSection(ExtensibilityGlobals) = postSolution
		SolutionGuid = {2B779F76-5FD4-45AD-B36E-2963CDA2ADC8}
	EndGlobalSection
EndGlobal
